// !$*UTF8*$!
{
	archiveVersion = 1;
	classes = {
	};
	objectVersion = 46;
	objects = {

/* Begin PBXAggregateTarget section */
		87810B8879CC19BBBFA9F303 /* install */ = {
			isa = PBXAggregateTarget;
			buildConfigurationList = 107141A921E84BAB93554428 /* Build configuration list for PBXAggregateTarget "install" */;
			buildPhases = (
				93426DA6A4AC2C2AC9CE883C /* CMake PostBuild Rules */,
			);
			dependencies = (
				67A2C9ED044D42388ED7DF8A /* PBXTargetDependency */,
			);
			name = install;
			productName = install;
		};
		CEE9A10462EA06B1A776C761 /* ALL_BUILD */ = {
			isa = PBXAggregateTarget;
			buildConfigurationList = 6A872604F7AC4395B3B86D8A /* Build configuration list for PBXAggregateTarget "ALL_BUILD" */;
			buildPhases = (
				350F3CA8CFD6A3CA608C6BB2 /* Generate CMakeFiles/ALL_BUILD */,
			);
			dependencies = (
				995C57C94D9046848158161F /* PBXTargetDependency */,
				EB0991BF00794EE0BA5EE51E /* PBXTargetDependency */,
			);
			name = ALL_BUILD;
			productName = ALL_BUILD;
		};
		D4A027D0AABA49DE39CE79C1 /* ZERO_CHECK */ = {
			isa = PBXAggregateTarget;
			buildConfigurationList = A44DE731690E4A45BB4C1E98 /* Build configuration list for PBXAggregateTarget "ZERO_CHECK" */;
			buildPhases = (
				74BBE6A59D17BD2DC1AF1D03 /* Generate CMakeFiles/ZERO_CHECK */,
			);
			dependencies = (
			);
			name = ZERO_CHECK;
			productName = ZERO_CHECK;
		};
/* End PBXAggregateTarget section */

/* Begin PBXBuildFile section */
		155DA4F82DB04816BD7916AE /* /Volumes/X9-Mac-mini/Backup/peterbetz/JUCE/extras/Build/juceaide/CMakeLists.txt */ = {isa = PBXBuildFile; fileRef = E8D3953070D54EF5B602CDA0 /* /Volumes/X9-Mac-mini/Backup/peterbetz/JUCE/extras/Build/juceaide/CMakeLists.txt */; };
		1C71B245358F4F51BC0CAB17 /* /Volumes/X9-Mac-mini/Backup/peterbetz/JUCE/modules/juce_events/juce_events.mm */ = {isa = PBXBuildFile; fileRef = 991FAA046F824852AAF34C16 /* /Volumes/X9-Mac-mini/Backup/peterbetz/JUCE/modules/juce_events/juce_events.mm */; };
		1C7F16C4A0314D249A99047F /* /Volumes/X9-Mac-mini/Backup/peterbetz/JUCE/modules/juce_gui_basics/juce_gui_basics.mm */ = {isa = PBXBuildFile; fileRef = B1A217166A5843CAA7C6D629 /* /Volumes/X9-Mac-mini/Backup/peterbetz/JUCE/modules/juce_gui_basics/juce_gui_basics.mm */; };
		2E80BBABCC8C4009B5088C24 /* /Applications/Xcode-beta.app/Contents/Developer/Platforms/MacOSX.platform/Developer/SDKs/MacOSX27.0.sdk/System/Library/Frameworks/QuartzCore.framework */ = {isa = PBXBuildFile; fileRef = A48B57DAFD22450E89185DB1 /* /Applications/Xcode-beta.app/Contents/Developer/Platforms/MacOSX.platform/Developer/SDKs/MacOSX27.0.sdk/System/Library/Frameworks/QuartzCore.framework */; };
		58A2569880694E128BB72CC9 /* /Volumes/X9-Mac-mini/Backup/peterbetz/JUCE/modules/juce_graphics/juce_graphics_Harfbuzz.cpp */ = {isa = PBXBuildFile; fileRef = 1A61C4230BE6482EAD0E2948 /* /Volumes/X9-Mac-mini/Backup/peterbetz/JUCE/modules/juce_graphics/juce_graphics_Harfbuzz.cpp */; };
		676C7C4CB65B4F03BC8725F2 /* /Applications/Xcode-beta.app/Contents/Developer/Platforms/MacOSX.platform/Developer/SDKs/MacOSX27.0.sdk/System/Library/Frameworks/Foundation.framework */ = {isa = PBXBuildFile; fileRef = F84533D606CA40B5894CC0FD /* /Applications/Xcode-beta.app/Contents/Developer/Platforms/MacOSX.platform/Developer/SDKs/MacOSX27.0.sdk/System/Library/Frameworks/Foundation.framework */; };
		682CE11ED6004353A4314DFF /* /Volumes/X9-Mac-mini/Backup/peterbetz/JUCE/modules/juce_core/juce_core.mm */ = {isa = PBXBuildFile; fileRef = D7989853454347249D984575 /* /Volumes/X9-Mac-mini/Backup/peterbetz/JUCE/modules/juce_core/juce_core.mm */; };
		6BE62BD84AC14243B7F78E9A /* /Volumes/X9-Mac-mini/Backup/peterbetz/JUCE/extras/Build/juce_build_tools/juce_build_tools.cpp */ = {isa = PBXBuildFile; fileRef = D8BF464B39D44286BA7FDBD7 /* /Volumes/X9-Mac-mini/Backup/peterbetz/JUCE/extras/Build/juce_build_tools/juce_build_tools.cpp */; };
		6CD6428B6C04425BB04EFB00 /* /Applications/Xcode-beta.app/Contents/Developer/Platforms/MacOSX.platform/Developer/SDKs/MacOSX27.0.sdk/System/Library/Frameworks/Cocoa.framework */ = {isa = PBXBuildFile; fileRef = 4906F87C912345AB9CD097A4 /* /Applications/Xcode-beta.app/Contents/Developer/Platforms/MacOSX.platform/Developer/SDKs/MacOSX27.0.sdk/System/Library/Frameworks/Cocoa.framework */; };
		77F56C3A5D1E4A809AFD67EA /* /Volumes/X9-Mac-mini/Backup/peterbetz/JUCE/modules/juce_graphics/juce_graphics.mm */ = {isa = PBXBuildFile; fileRef = DCA25841C9D34A97B5FE50DF /* /Volumes/X9-Mac-mini/Backup/peterbetz/JUCE/modules/juce_graphics/juce_graphics.mm */; };
		7A42D2BB07524F1295882077 /* /Volumes/X9-Mac-mini/Backup/peterbetz/JUCE/modules/juce_core/juce_core_CompilationTime.cpp */ = {isa = PBXBuildFile; fileRef = 0E427CD93F20480094553840 /* /Volumes/X9-Mac-mini/Backup/peterbetz/JUCE/modules/juce_core/juce_core_CompilationTime.cpp */; };
		B1A5D4C76DAA43B38D29DC85 /* /Volumes/X9-Mac-mini/Backup/peterbetz/JUCE/extras/Build/juceaide/Main.cpp */ = {isa = PBXBuildFile; fileRef = 82BA760CD5E149E8BA46540E /* /Volumes/X9-Mac-mini/Backup/peterbetz/JUCE/extras/Build/juceaide/Main.cpp */; };
		B73A9692206E4F75A2324688 /* /Volumes/X9-Mac-mini/Backup/peterbetz/JUCE/modules/juce_graphics/juce_graphics_Sheenbidi.c */ = {isa = PBXBuildFile; fileRef = 0C24EA39527D49BDB6F9C75A /* /Volumes/X9-Mac-mini/Backup/peterbetz/JUCE/modules/juce_graphics/juce_graphics_Sheenbidi.c */; };
		B78D74B352E54722B0776C72 /* /Volumes/X9-Mac-mini/Backup/peterbetz/JUCE/modules/juce_data_structures/juce_data_structures.mm */ = {isa = PBXBuildFile; fileRef = 6C5DF7E392924B609517B896 /* /Volumes/X9-Mac-mini/Backup/peterbetz/JUCE/modules/juce_data_structures/juce_data_structures.mm */; };
		D2BF440EB5574108AAB90E7C /* /Applications/Xcode-beta.app/Contents/Developer/Platforms/MacOSX.platform/Developer/SDKs/MacOSX27.0.sdk/System/Library/Frameworks/IOKit.framework */ = {isa = PBXBuildFile; fileRef = 09464AA43A204A639A54C285 /* /Applications/Xcode-beta.app/Contents/Developer/Platforms/MacOSX.platform/Developer/SDKs/MacOSX27.0.sdk/System/Library/Frameworks/IOKit.framework */; };
		E9993346CDA04BDBB1364D74 /* /Applications/Xcode-beta.app/Contents/Developer/Platforms/MacOSX.platform/Developer/SDKs/MacOSX27.0.sdk/System/Library/Frameworks/Security.framework */ = {isa = PBXBuildFile; fileRef = 88F15307AB094CB6A16E350F /* /Applications/Xcode-beta.app/Contents/Developer/Platforms/MacOSX.platform/Developer/SDKs/MacOSX27.0.sdk/System/Library/Frameworks/Security.framework */; };
/* End PBXBuildFile section */

/* Begin PBXBuildStyle section */
		179609EE237648CA9E8451EE /* Custom */ = {
			isa = PBXBuildStyle;
			buildSettings = {
				COPY_PHASE_STRIP = NO;
			};
			name = Custom;
		};
/* End PBXBuildStyle section */

/* Begin PBXContainerItemProxy section */
		015FC41B58214E8089735963 /* PBXContainerItemProxy */ = {
			isa = PBXContainerItemProxy;
			containerPortal = 6B92002A133E4DCC9D77BC11 /* Project object */;
			proxyType = 1;
			remoteGlobalIDString = D4A027D0AABA49DE39CE79C1;
			remoteInfo = ZERO_CHECK;
		};
		173E0BF41377437FA6AE4304 /* PBXContainerItemProxy */ = {
			isa = PBXContainerItemProxy;
			containerPortal = 6B92002A133E4DCC9D77BC11 /* Project object */;
			proxyType = 1;
			remoteGlobalIDString = CEE75BB69C85C9BCBA6ECC35;
			remoteInfo = juceaide;
		};
		3A4B2FDC8F8C4E109F348A40 /* PBXContainerItemProxy */ = {
			isa = PBXContainerItemProxy;
			containerPortal = 6B92002A133E4DCC9D77BC11 /* Project object */;
			proxyType = 1;
			remoteGlobalIDString = CEE9A10462EA06B1A776C761;
			remoteInfo = ALL_BUILD;
		};
		8850D62EAC13463BA66B028F /* PBXContainerItemProxy */ = {
			isa = PBXContainerItemProxy;
			containerPortal = 6B92002A133E4DCC9D77BC11 /* Project object */;
			proxyType = 1;
			remoteGlobalIDString = D4A027D0AABA49DE39CE79C1;
			remoteInfo = ZERO_CHECK;
		};
/* End PBXContainerItemProxy section */

/* Begin PBXFileReference section */
		09464AA43A204A639A54C285 /* /Applications/Xcode-beta.app/Contents/Developer/Platforms/MacOSX.platform/Developer/SDKs/MacOSX27.0.sdk/System/Library/Frameworks/IOKit.framework */ = {isa = PBXFileReference; fileEncoding = 4; lastKnownFileType = wrapper.framework; name = IOKit.framework; path = "/Applications/Xcode-beta.app/Contents/Developer/Platforms/MacOSX.platform/Developer/SDKs/MacOSX27.0.sdk/System/Library/Frameworks/IOKit.framework"; sourceTree = "<absolute>"; };
		0C24EA39527D49BDB6F9C75A /* /Volumes/X9-Mac-mini/Backup/peterbetz/JUCE/modules/juce_graphics/juce_graphics_Sheenbidi.c */ = {isa = PBXFileReference; explicitFileType = sourcecode.c.c; fileEncoding = 4; name = juce_graphics_Sheenbidi.c; path = modules/juce_graphics/juce_graphics_Sheenbidi.c; sourceTree = SOURCE_ROOT; };
		0E427CD93F20480094553840 /* /Volumes/X9-Mac-mini/Backup/peterbetz/JUCE/modules/juce_core/juce_core_CompilationTime.cpp */ = {isa = PBXFileReference; explicitFileType = sourcecode.cpp.cpp; fileEncoding = 4; name = juce_core_CompilationTime.cpp; path = modules/juce_core/juce_core_CompilationTime.cpp; sourceTree = SOURCE_ROOT; };
		1A61C4230BE6482EAD0E2948 /* /Volumes/X9-Mac-mini/Backup/peterbetz/JUCE/modules/juce_graphics/juce_graphics_Harfbuzz.cpp */ = {isa = PBXFileReference; explicitFileType = sourcecode.cpp.cpp; fileEncoding = 4; name = juce_graphics_Harfbuzz.cpp; path = modules/juce_graphics/juce_graphics_Harfbuzz.cpp; sourceTree = SOURCE_ROOT; };
		4906F87C912345AB9CD097A4 /* /Applications/Xcode-beta.app/Contents/Developer/Platforms/MacOSX.platform/Developer/SDKs/MacOSX27.0.sdk/System/Library/Frameworks/Cocoa.framework */ = {isa = PBXFileReference; fileEncoding = 4; lastKnownFileType = wrapper.framework; name = Cocoa.framework; path = "/Applications/Xcode-beta.app/Contents/Developer/Platforms/MacOSX.platform/Developer/SDKs/MacOSX27.0.sdk/System/Library/Frameworks/Cocoa.framework"; sourceTree = "<absolute>"; };
		5EC79C36176D4EAC9D8AA410 /* /Volumes/X9-Mac-mini/Backup/peterbetz/JUCE/CMakeLists.txt */ = {isa = PBXFileReference; explicitFileType = sourcecode.text; fileEncoding = 4; name = CMakeLists.txt; path = CMakeLists.txt; sourceTree = SOURCE_ROOT; };
		6C5DF7E392924B609517B896 /* /Volumes/X9-Mac-mini/Backup/peterbetz/JUCE/modules/juce_data_structures/juce_data_structures.mm */ = {isa = PBXFileReference; explicitFileType = sourcecode.cpp.objcpp; fileEncoding = 4; name = juce_data_structures.mm; path = modules/juce_data_structures/juce_data_structures.mm; sourceTree = SOURCE_ROOT; };
		82BA760CD5E149E8BA46540E /* /Volumes/X9-Mac-mini/Backup/peterbetz/JUCE/extras/Build/juceaide/Main.cpp */ = {isa = PBXFileReference; explicitFileType = sourcecode.cpp.cpp; fileEncoding = 4; name = Main.cpp; path = extras/Build/juceaide/Main.cpp; sourceTree = SOURCE_ROOT; };
		88F15307AB094CB6A16E350F /* /Applications/Xcode-beta.app/Contents/Developer/Platforms/MacOSX.platform/Developer/SDKs/MacOSX27.0.sdk/System/Library/Frameworks/Security.framework */ = {isa = PBXFileReference; fileEncoding = 4; lastKnownFileType = wrapper.framework; name = Security.framework; path = "/Applications/Xcode-beta.app/Contents/Developer/Platforms/MacOSX.platform/Developer/SDKs/MacOSX27.0.sdk/System/Library/Frameworks/Security.framework"; sourceTree = "<absolute>"; };
		991FAA046F824852AAF34C16 /* /Volumes/X9-Mac-mini/Backup/peterbetz/JUCE/modules/juce_events/juce_events.mm */ = {isa = PBXFileReference; explicitFileType = sourcecode.cpp.objcpp; fileEncoding = 4; name = juce_events.mm; path = modules/juce_events/juce_events.mm; sourceTree = SOURCE_ROOT; };
		A2B395098A614326A71979FE /* juceaide */ = {isa = PBXFileReference; explicitFileType = "compiled.mach-o.executable"; path = juceaide; sourceTree = BUILT_PRODUCTS_DIR; };
		A48B57DAFD22450E89185DB1 /* /Applications/Xcode-beta.app/Contents/Developer/Platforms/MacOSX.platform/Developer/SDKs/MacOSX27.0.sdk/System/Library/Frameworks/QuartzCore.framework */ = {isa = PBXFileReference; fileEncoding = 4; lastKnownFileType = wrapper.framework; name = QuartzCore.framework; path = "/Applications/Xcode-beta.app/Contents/Developer/Platforms/MacOSX.platform/Developer/SDKs/MacOSX27.0.sdk/System/Library/Frameworks/QuartzCore.framework"; sourceTree = "<absolute>"; };
		B1A217166A5843CAA7C6D629 /* /Volumes/X9-Mac-mini/Backup/peterbetz/JUCE/modules/juce_gui_basics/juce_gui_basics.mm */ = {isa = PBXFileReference; explicitFileType = sourcecode.cpp.objcpp; fileEncoding = 4; name = juce_gui_basics.mm; path = modules/juce_gui_basics/juce_gui_basics.mm; sourceTree = SOURCE_ROOT; };
		D7989853454347249D984575 /* /Volumes/X9-Mac-mini/Backup/peterbetz/JUCE/modules/juce_core/juce_core.mm */ = {isa = PBXFileReference; explicitFileType = sourcecode.cpp.objcpp; fileEncoding = 4; name = juce_core.mm; path = modules/juce_core/juce_core.mm; sourceTree = SOURCE_ROOT; };
		D8BF464B39D44286BA7FDBD7 /* /Volumes/X9-Mac-mini/Backup/peterbetz/JUCE/extras/Build/juce_build_tools/juce_build_tools.cpp */ = {isa = PBXFileReference; explicitFileType = sourcecode.cpp.cpp; fileEncoding = 4; name = juce_build_tools.cpp; path = extras/Build/juce_build_tools/juce_build_tools.cpp; sourceTree = SOURCE_ROOT; };
		DCA25841C9D34A97B5FE50DF /* /Volumes/X9-Mac-mini/Backup/peterbetz/JUCE/modules/juce_graphics/juce_graphics.mm */ = {isa = PBXFileReference; explicitFileType = sourcecode.cpp.objcpp; fileEncoding = 4; name = juce_graphics.mm; path = modules/juce_graphics/juce_graphics.mm; sourceTree = SOURCE_ROOT; };
		E8D3953070D54EF5B602CDA0 /* /Volumes/X9-Mac-mini/Backup/peterbetz/JUCE/extras/Build/juceaide/CMakeLists.txt */ = {isa = PBXFileReference; explicitFileType = sourcecode.text; fileEncoding = 4; name = CMakeLists.txt; path = extras/Build/juceaide/CMakeLists.txt; sourceTree = SOURCE_ROOT; };
		F84533D606CA40B5894CC0FD /* /Applications/Xcode-beta.app/Contents/Developer/Platforms/MacOSX.platform/Developer/SDKs/MacOSX27.0.sdk/System/Library/Frameworks/Foundation.framework */ = {isa = PBXFileReference; fileEncoding = 4; lastKnownFileType = wrapper.framework; name = Foundation.framework; path = "/Applications/Xcode-beta.app/Contents/Developer/Platforms/MacOSX.platform/Developer/SDKs/MacOSX27.0.sdk/System/Library/Frameworks/Foundation.framework"; sourceTree = "<absolute>"; };
/* End PBXFileReference section */

/* Begin PBXFrameworksBuildPhase section */
		81AE18576EB54E7783B06DC9 /* Frameworks */ = {
			isa = PBXFrameworksBuildPhase;
			buildActionMask = 2147483647;
			files = (
			);
			runOnlyForDeploymentPostprocessing = 0;
		};
/* End PBXFrameworksBuildPhase section */

/* Begin PBXGroup section */
		052F21CB92BE4FCD907E2C62 = {
			isa = PBXGroup;
			children = (
				13AC8F5003E74C1AAF645DD5 /* ALL_BUILD */,
				467B86E9CCC54D1AA1BB2309 /* juceaide */,
				DED800B4772B4FB7B2B81DFA /* Products */,
				FE0815D8FAEB4CDEBE9DC963 /* Frameworks */,
				F2B8D96E380146CE813F2034 /* Resources */,
			);
			sourceTree = "<group>";
		};
		13AC8F5003E74C1AAF645DD5 /* ALL_BUILD */ = {
			isa = PBXGroup;
			children = (
				5FE162AED6664F949027287C /* CMake Rules */,
				5EC79C36176D4EAC9D8AA410 /* /Volumes/X9-Mac-mini/Backup/peterbetz/JUCE/CMakeLists.txt */,
			);
			name = ALL_BUILD;
			sourceTree = "<group>";
		};
		467B86E9CCC54D1AA1BB2309 /* juceaide */ = {
			isa = PBXGroup;
			children = (
				66EB98B68A1849EEACB90E9D /* Source Files */,
				E8D3953070D54EF5B602CDA0 /* /Volumes/X9-Mac-mini/Backup/peterbetz/JUCE/extras/Build/juceaide/CMakeLists.txt */,
			);
			name = juceaide;
			sourceTree = "<group>";
		};
		5FE162AED6664F949027287C /* CMake Rules */ = {
			isa = PBXGroup;
			children = (
			);
			name = "CMake Rules";
			sourceTree = "<group>";
		};
		66EB98B68A1849EEACB90E9D /* Source Files */ = {
			isa = PBXGroup;
			children = (
				D8BF464B39D44286BA7FDBD7 /* /Volumes/X9-Mac-mini/Backup/peterbetz/JUCE/extras/Build/juce_build_tools/juce_build_tools.cpp */,
				82BA760CD5E149E8BA46540E /* /Volumes/X9-Mac-mini/Backup/peterbetz/JUCE/extras/Build/juceaide/Main.cpp */,
				D7989853454347249D984575 /* /Volumes/X9-Mac-mini/Backup/peterbetz/JUCE/modules/juce_core/juce_core.mm */,
				0E427CD93F20480094553840 /* /Volumes/X9-Mac-mini/Backup/peterbetz/JUCE/modules/juce_core/juce_core_CompilationTime.cpp */,
				6C5DF7E392924B609517B896 /* /Volumes/X9-Mac-mini/Backup/peterbetz/JUCE/modules/juce_data_structures/juce_data_structures.mm */,
				991FAA046F824852AAF34C16 /* /Volumes/X9-Mac-mini/Backup/peterbetz/JUCE/modules/juce_events/juce_events.mm */,
				DCA25841C9D34A97B5FE50DF /* /Volumes/X9-Mac-mini/Backup/peterbetz/JUCE/modules/juce_graphics/juce_graphics.mm */,
				1A61C4230BE6482EAD0E2948 /* /Volumes/X9-Mac-mini/Backup/peterbetz/JUCE/modules/juce_graphics/juce_graphics_Harfbuzz.cpp */,
				0C24EA39527D49BDB6F9C75A /* /Volumes/X9-Mac-mini/Backup/peterbetz/JUCE/modules/juce_graphics/juce_graphics_Sheenbidi.c */,
				B1A217166A5843CAA7C6D629 /* /Volumes/X9-Mac-mini/Backup/peterbetz/JUCE/modules/juce_gui_basics/juce_gui_basics.mm */,
			);
			name = "Source Files";
			sourceTree = "<group>";
		};
		DED800B4772B4FB7B2B81DFA /* Products */ = {
			isa = PBXGroup;
			children = (
				A2B395098A614326A71979FE /* juceaide */,
			);
			name = Products;
			sourceTree = "<group>";
		};
		F2B8D96E380146CE813F2034 /* Resources */ = {
			isa = PBXGroup;
			children = (
			);
			name = Resources;
			sourceTree = "<group>";
		};
		FE0815D8FAEB4CDEBE9DC963 /* Frameworks */ = {
			isa = PBXGroup;
			children = (
				A48B57DAFD22450E89185DB1 /* /Applications/Xcode-beta.app/Contents/Developer/Platforms/MacOSX.platform/Developer/SDKs/MacOSX27.0.sdk/System/Library/Frameworks/QuartzCore.framework */,
				4906F87C912345AB9CD097A4 /* /Applications/Xcode-beta.app/Contents/Developer/Platforms/MacOSX.platform/Developer/SDKs/MacOSX27.0.sdk/System/Library/Frameworks/Cocoa.framework */,
				F84533D606CA40B5894CC0FD /* /Applications/Xcode-beta.app/Contents/Developer/Platforms/MacOSX.platform/Developer/SDKs/MacOSX27.0.sdk/System/Library/Frameworks/Foundation.framework */,
				09464AA43A204A639A54C285 /* /Applications/Xcode-beta.app/Contents/Developer/Platforms/MacOSX.platform/Developer/SDKs/MacOSX27.0.sdk/System/Library/Frameworks/IOKit.framework */,
				88F15307AB094CB6A16E350F /* /Applications/Xcode-beta.app/Contents/Developer/Platforms/MacOSX.platform/Developer/SDKs/MacOSX27.0.sdk/System/Library/Frameworks/Security.framework */,
			);
			name = Frameworks;
			sourceTree = "<group>";
		};
/* End PBXGroup section */

/* Begin PBXNativeTarget section */
		CEE75BB69C85C9BCBA6ECC35 /* juceaide */ = {
			isa = PBXNativeTarget;
			buildConfigurationList = 8FC80838E0BB4E87980AC9A1 /* Build configuration list for PBXNativeTarget "juceaide" */;
			buildPhases = (
				62B1977A55944CE3931EA8D6 /* Sources */,
				81AE18576EB54E7783B06DC9 /* Frameworks */,
			);
			buildRules = (
			);
			dependencies = (
				C66F085865464938852725C0 /* PBXTargetDependency */,
			);
			name = juceaide;
			productName = juceaide;
			productReference = A2B395098A614326A71979FE /* juceaide */;
			productType = "com.apple.product-type.tool";
		};
/* End PBXNativeTarget section */

/* Begin PBXProject section */
		6B92002A133E4DCC9D77BC11 /* Project object */ = {
			isa = PBXProject;
			attributes = {
				BuildIndependentTargetsInParallel = YES;
				LastUpgradeCheck = 2700;
			};
			buildConfigurationList = 6EB5DB50723D40C18CE865F4 /* Build configuration list for PBXProject "JUCE" */;
			buildSettings = {
			};
			buildStyles = (
				179609EE237648CA9E8451EE /* Custom */,
			);
			compatibilityVersion = "Xcode 3.2";
			hasScannedForEncodings = 0;
			mainGroup = 052F21CB92BE4FCD907E2C62;
			projectDirPath = "/Volumes/X9-Mac-mini/Backup/peterbetz/JUCE";
			projectRoot = "";
			targets = (
				CEE9A10462EA06B1A776C761 /* ALL_BUILD */,
				87810B8879CC19BBBFA9F303 /* install */,
				CEE75BB69C85C9BCBA6ECC35 /* juceaide */,
				D4A027D0AABA49DE39CE79C1 /* ZERO_CHECK */,
			);
		};
/* End PBXProject section */

/* Begin PBXShellScriptBuildPhase section */
		350F3CA8CFD6A3CA608C6BB2 /* Generate CMakeFiles/ALL_BUILD */ = {
			isa = PBXShellScriptBuildPhase;
			alwaysOutOfDate = 1;
			buildActionMask = 2147483647;
			files = (
			);
			inputPaths = (
			);
			name = "Generate CMakeFiles/ALL_BUILD";
			outputPaths = (
"/Volumes/X9-Mac-mini/src/swift/Swift_2026/VALHost/build_xcode/juce/tools/CMakeFiles/ALL_BUILD"			);
			runOnlyForDeploymentPostprocessing = 0;
			shellPath = /bin/sh;
			shellScript = "set -e
if test \"$CONFIGURATION\" = \"Custom\"; then :
  cd /Volumes/X9-Mac-mini/src/swift/Swift_2026/VALHost/build_xcode/juce/tools
  echo Build\\ all\\ projects
fi
";
			showEnvVarsInLog = 0;
		};
		3C0110FC8322DE7E50886E21 = {
			isa = PBXShellScriptBuildPhase;
			buildActionMask = 2147483647;
			files = (
			);
			inputPaths = (
			);
			outputPaths = (
			);
			runOnlyForDeploymentPostprocessing = 0;
			shellPath = /bin/sh;
			shellScript = "# shell script goes here
exit 0";
			showEnvVarsInLog = 0;
		};
		74BBE6A59D17BD2DC1AF1D03 /* Generate CMakeFiles/ZERO_CHECK */ = {
			isa = PBXShellScriptBuildPhase;
			alwaysOutOfDate = 1;
			buildActionMask = 2147483647;
			files = (
			);
			inputPaths = (
			);
			name = "Generate CMakeFiles/ZERO_CHECK";
			outputPaths = (
"/Volumes/X9-Mac-mini/src/swift/Swift_2026/VALHost/build_xcode/juce/tools/CMakeFiles/ZERO_CHECK"			);
			runOnlyForDeploymentPostprocessing = 0;
			shellPath = /bin/sh;
			shellScript = "set -e
if test \"$CONFIGURATION\" = \"Custom\"; then :
  cd /Volumes/X9-Mac-mini/src/swift/Swift_2026/VALHost/build_xcode/juce/tools
  make -f /Volumes/X9-Mac-mini/src/swift/Swift_2026/VALHost/build_xcode/juce/tools/CMakeScripts/ReRunCMake.make
fi
";
			showEnvVarsInLog = 0;
		};
		87AF4882E018677E2624B544 = {
			isa = PBXShellScriptBuildPhase;
			buildActionMask = 2147483647;
			files = (
			);
			inputPaths = (
			);
			outputPaths = (
			);
			runOnlyForDeploymentPostprocessing = 0;
			shellPath = /bin/sh;
			shellScript = "# shell script goes here
exit 0";
			showEnvVarsInLog = 0;
		};
		93426DA6A4AC2C2AC9CE883C /* CMake PostBuild Rules */ = {
			isa = PBXShellScriptBuildPhase;
			alwaysOutOfDate = 1;
			buildActionMask = 2147483647;
			files = (
			);
			inputPaths = (
			);
			name = "CMake PostBuild Rules";
			outputPaths = (
			);
			runOnlyForDeploymentPostprocessing = 0;
			shellPath = /bin/sh;
			shellScript = "set -e
if test \"$CONFIGURATION\" = \"Custom\"; then :
  cd /Volumes/X9-Mac-mini/src/swift/Swift_2026/VALHost/build_xcode/juce/tools
  /opt/homebrew/bin/cmake -DBUILD_TYPE=$CONFIGURATION$EFFECTIVE_PLATFORM_NAME -P cmake_install.cmake
fi
";
			showEnvVarsInLog = 0;
		};
		9B50530E35CC49C82C2FACCF = {
			isa = PBXShellScriptBuildPhase;
			buildActionMask = 2147483647;
			files = (
			);
			inputPaths = (
			);
			outputPaths = (
			);
			runOnlyForDeploymentPostprocessing = 0;
			shellPath = /bin/sh;
			shellScript = "# shell script goes here
exit 0";
			showEnvVarsInLog = 0;
		};
/* End PBXShellScriptBuildPhase section */

/* Begin PBXSourcesBuildPhase section */
		62B1977A55944CE3931EA8D6 /* Sources */ = {
			isa = PBXSourcesBuildPhase;
			buildActionMask = 2147483647;
			files = (
				6BE62BD84AC14243B7F78E9A /* /Volumes/X9-Mac-mini/Backup/peterbetz/JUCE/extras/Build/juce_build_tools/juce_build_tools.cpp */,
				B1A5D4C76DAA43B38D29DC85 /* /Volumes/X9-Mac-mini/Backup/peterbetz/JUCE/extras/Build/juceaide/Main.cpp */,
				682CE11ED6004353A4314DFF /* /Volumes/X9-Mac-mini/Backup/peterbetz/JUCE/modules/juce_core/juce_core.mm */,
				7A42D2BB07524F1295882077 /* /Volumes/X9-Mac-mini/Backup/peterbetz/JUCE/modules/juce_core/juce_core_CompilationTime.cpp */,
				B78D74B352E54722B0776C72 /* /Volumes/X9-Mac-mini/Backup/peterbetz/JUCE/modules/juce_data_structures/juce_data_structures.mm */,
				1C71B245358F4F51BC0CAB17 /* /Volumes/X9-Mac-mini/Backup/peterbetz/JUCE/modules/juce_events/juce_events.mm */,
				77F56C3A5D1E4A809AFD67EA /* /Volumes/X9-Mac-mini/Backup/peterbetz/JUCE/modules/juce_graphics/juce_graphics.mm */,
				58A2569880694E128BB72CC9 /* /Volumes/X9-Mac-mini/Backup/peterbetz/JUCE/modules/juce_graphics/juce_graphics_Harfbuzz.cpp */,
				B73A9692206E4F75A2324688 /* /Volumes/X9-Mac-mini/Backup/peterbetz/JUCE/modules/juce_graphics/juce_graphics_Sheenbidi.c */,
				1C7F16C4A0314D249A99047F /* /Volumes/X9-Mac-mini/Backup/peterbetz/JUCE/modules/juce_gui_basics/juce_gui_basics.mm */,
			);
			runOnlyForDeploymentPostprocessing = 0;
		};
/* End PBXSourcesBuildPhase section */

/* Begin PBXTargetDependency section */
		67A2C9ED044D42388ED7DF8A /* PBXTargetDependency */ = {
			isa = PBXTargetDependency;
			target = CEE9A10462EA06B1A776C761 /* ALL_BUILD */;
			targetProxy = 3A4B2FDC8F8C4E109F348A40 /* PBXContainerItemProxy */;
		};
		995C57C94D9046848158161F /* PBXTargetDependency */ = {
			isa = PBXTargetDependency;
			target = CEE75BB69C85C9BCBA6ECC35 /* juceaide */;
			targetProxy = 173E0BF41377437FA6AE4304 /* PBXContainerItemProxy */;
		};
		C66F085865464938852725C0 /* PBXTargetDependency */ = {
			isa = PBXTargetDependency;
			target = D4A027D0AABA49DE39CE79C1 /* ZERO_CHECK */;
			targetProxy = 8850D62EAC13463BA66B028F /* PBXContainerItemProxy */;
		};
		EB0991BF00794EE0BA5EE51E /* PBXTargetDependency */ = {
			isa = PBXTargetDependency;
			target = D4A027D0AABA49DE39CE79C1 /* ZERO_CHECK */;
			targetProxy = 015FC41B58214E8089735963 /* PBXContainerItemProxy */;
		};
/* End PBXTargetDependency section */

/* Begin XCBuildConfiguration section */
		111E61F6CA9149EDA70B890D /* Custom */ = {
			isa = XCBuildConfiguration;
			buildSettings = {
				ALWAYS_SEARCH_USER_PATHS = NO;
				ARCHS = arm64;
				COMBINE_HIDPI_IMAGES = YES;
				CONFIGURATION_BUILD_DIR = "/Volumes/X9-Mac-mini/src/swift/Swift_2026/VALHost/build_xcode/juce/tools/extras/Build/juceaide/juceaide_artefacts/Custom";
				EXECUTABLE_PREFIX = "";
				EXECUTABLE_SUFFIX = "";
				GCC_GENERATE_DEBUGGING_SYMBOLS = NO;
				GCC_INLINES_ARE_PRIVATE_EXTERN = NO;
				GCC_OPTIMIZATION_LEVEL = 0;
				GCC_PREPROCESSOR_DEFINITIONS = ("'CMAKE_INTDIR=\"$(CONFIGURATION)$(EFFECTIVE_PLATFORM_NAME)\"'","'JUCE_STANDALONE_APPLICATION=1'","'JUCE_DISABLE_JUCE_VERSION_PRINTING=1'","'JUCE_USE_CURL=0'","'JUCE_SILENCE_XCODE_15_LINKER_WARNING=1'","'JUCE_MODULE_AVAILABLE_juce_build_tools=1'","'JUCE_MODULE_AVAILABLE_juce_gui_basics=1'","'JUCE_MODULE_AVAILABLE_juce_graphics=1'","'JUCE_MODULE_AVAILABLE_juce_events=1'","'JUCE_GLOBAL_MODULE_SETTINGS_INCLUDED=1'","'NDEBUG=1'","'_NDEBUG=1'","'JUCE_MODULE_AVAILABLE_juce_core=1'","'JUCE_MODULE_AVAILABLE_juce_data_structures=1'","$(inherited)");
				GCC_SYMBOLS_PRIVATE_EXTERN = NO;
				HEADER_SEARCH_PATHS = ("/Volumes/X9-Mac-mini/src/swift/Swift_2026/VALHost/build_xcode/juce/tools/extras/Build/juceaide/juceaide_artefacts/JuceLibraryCode","/Volumes/X9-Mac-mini/Backup/peterbetz/JUCE/extras/Build","/Volumes/X9-Mac-mini/Backup/peterbetz/JUCE/modules","$(inherited)");
				INSTALL_PATH = "";
				ONLY_ACTIVE_ARCH = NO;
				OTHER_CFLAGS = ("-Wall -Wshadow-all -Wshorten-64-to-32 -Wstrict-aliasing -Wuninitialized -Wunused-parameter -Wconversion -Wsign-compare -Wint-conversion -Wconditional-uninitialized -Wconstant-conversion -Wsign-conversion -Wbool-conversion -Wextra-semi -Wunreachable-code -Wcast-align -Wshift-sign-overflow -Wmissing-prototypes -Wnullable-to-nonnull-conversion -Wno-ignored-qualifiers -Wswitch-enum -Wpedantic -Wdeprecated -Wfloat-equal -Wmissing-field-initializers ","$(inherited)");
				OTHER_CPLUSPLUSFLAGS = "'-std=c++17' -Wall -Wshadow-all -Wshorten-64-to-32 -Wstrict-aliasing -Wuninitialized -Wunused-parameter -Wconversion -Wsign-compare -Wint-conversion -Wconditional-uninitialized -Wconstant-conversion -Wsign-conversion -Wbool-conversion -Wextra-semi -Wunreachable-code -Wcast-align -Wshift-sign-overflow -Wmissing-prototypes -Wnullable-to-nonnull-conversion -Wno-ignored-qualifiers -Wswitch-enum -Wpedantic -Wdeprecated -Wfloat-equal -Wmissing-field-initializers -Wzero-as-null-pointer-constant -Wunused-private-field -Woverloaded-virtual -Wreorder -Winconsistent-missing-destructor-override ";
				OTHER_LDFLAGS = (" -Wl,-search_paths_first -Wl,-headerpad_max_install_names","-weak_framework Metal","-weak_framework MetalKit","-framework QuartzCore","-framework Cocoa","-framework Foundation","-framework IOKit","-framework Security","$(inherited)");
				OTHER_REZFLAGS = "";
				PRODUCT_NAME = juceaide;
				SECTORDER_FLAGS = "";
				TARGET_TEMP_DIR = "/Volumes/X9-Mac-mini/src/swift/Swift_2026/VALHost/build_xcode/juce/tools/build/juceaide.build/$(CONFIGURATION)$(EFFECTIVE_PLATFORM_NAME)";
				USE_HEADERMAP = NO;
				WARNING_CFLAGS = ("$(inherited)");
			};
			name = Custom;
		};
		2D22CA5D64464461AF776676 /* Custom */ = {
			isa = XCBuildConfiguration;
			buildSettings = {
				ALWAYS_SEARCH_USER_PATHS = NO;
				ARCHS = arm64;
				COMBINE_HIDPI_IMAGES = YES;
				GCC_GENERATE_DEBUGGING_SYMBOLS = YES;
				GCC_INLINES_ARE_PRIVATE_EXTERN = NO;
				GCC_OPTIMIZATION_LEVEL = 0;
				GCC_PREPROCESSOR_DEFINITIONS = ("'CMAKE_INTDIR=\"$(CONFIGURATION)$(EFFECTIVE_PLATFORM_NAME)\"'","$(inherited)");
				GCC_SYMBOLS_PRIVATE_EXTERN = NO;
				INSTALL_PATH = "";
				ONLY_ACTIVE_ARCH = NO;
				OTHER_LDFLAGS = ("","$(inherited)");
				OTHER_REZFLAGS = "";
				PRODUCT_NAME = ZERO_CHECK;
				SECTORDER_FLAGS = "";
				USE_HEADERMAP = NO;
				WARNING_CFLAGS = ("$(inherited)");
			};
			name = Custom;
		};
		505478D5A4734F22A560AFCD /* Custom */ = {
			isa = XCBuildConfiguration;
			buildSettings = {
				ALWAYS_SEARCH_USER_PATHS = NO;
				ARCHS = arm64;
				COMBINE_HIDPI_IMAGES = YES;
				GCC_GENERATE_DEBUGGING_SYMBOLS = YES;
				GCC_INLINES_ARE_PRIVATE_EXTERN = NO;
				GCC_OPTIMIZATION_LEVEL = 0;
				GCC_PREPROCESSOR_DEFINITIONS = ("'CMAKE_INTDIR=\"$(CONFIGURATION)$(EFFECTIVE_PLATFORM_NAME)\"'","$(inherited)");
				GCC_SYMBOLS_PRIVATE_EXTERN = NO;
				INSTALL_PATH = "";
				ONLY_ACTIVE_ARCH = NO;
				OTHER_LDFLAGS = ("","$(inherited)");
				OTHER_REZFLAGS = "";
				PRODUCT_NAME = ALL_BUILD;
				SECTORDER_FLAGS = "";
				USE_HEADERMAP = NO;
				WARNING_CFLAGS = ("$(inherited)");
			};
			name = Custom;
		};
		D926D5F92C224D45B9CF4900 /* Custom */ = {
			isa = XCBuildConfiguration;
			buildSettings = {
				ARCHS = arm64;
				SDKROOT = "";
				SWIFT_COMPILATION_MODE = wholemodule;
				SYMROOT = "/Volumes/X9-Mac-mini/src/swift/Swift_2026/VALHost/build_xcode/juce/tools/build";
			};
			name = Custom;
		};
		ED6819DF4A9E43B88DE6DBB4 /* Custom */ = {
			isa = XCBuildConfiguration;
			buildSettings = {
				ALWAYS_SEARCH_USER_PATHS = NO;
				ARCHS = arm64;
				COMBINE_HIDPI_IMAGES = YES;
				GCC_GENERATE_DEBUGGING_SYMBOLS = YES;
				GCC_INLINES_ARE_PRIVATE_EXTERN = NO;
				GCC_OPTIMIZATION_LEVEL = 0;
				GCC_PREPROCESSOR_DEFINITIONS = ("'CMAKE_INTDIR=\"$(CONFIGURATION)$(EFFECTIVE_PLATFORM_NAME)\"'","$(inherited)");
				GCC_SYMBOLS_PRIVATE_EXTERN = NO;
				INSTALL_PATH = "";
				ONLY_ACTIVE_ARCH = NO;
				OTHER_LDFLAGS = ("","$(inherited)");
				OTHER_REZFLAGS = "";
				PRODUCT_NAME = install;
				SECTORDER_FLAGS = "";
				USE_HEADERMAP = NO;
				WARNING_CFLAGS = ("$(inherited)");
			};
			name = Custom;
		};
/* End XCBuildConfiguration section */

/* Begin XCConfigurationList section */
		107141A921E84BAB93554428 /* Build configuration list for PBXAggregateTarget "install" */ = {
			isa = XCConfigurationList;
			buildConfigurations = (
				ED6819DF4A9E43B88DE6DBB4 /* Custom */,
			);
			defaultConfigurationIsVisible = 0;
			defaultConfigurationName = Custom;
		};
		6A872604F7AC4395B3B86D8A /* Build configuration list for PBXAggregateTarget "ALL_BUILD" */ = {
			isa = XCConfigurationList;
			buildConfigurations = (
				505478D5A4734F22A560AFCD /* Custom */,
			);
			defaultConfigurationIsVisible = 0;
			defaultConfigurationName = Custom;
		};
		6EB5DB50723D40C18CE865F4 /* Build configuration list for PBXProject "JUCE" */ = {
			isa = XCConfigurationList;
			buildConfigurations = (
				D926D5F92C224D45B9CF4900 /* Custom */,
			);
			defaultConfigurationIsVisible = 0;
			defaultConfigurationName = Custom;
		};
		8FC80838E0BB4E87980AC9A1 /* Build configuration list for PBXNativeTarget "juceaide" */ = {
			isa = XCConfigurationList;
			buildConfigurations = (
				111E61F6CA9149EDA70B890D /* Custom */,
			);
			defaultConfigurationIsVisible = 0;
			defaultConfigurationName = Custom;
		};
		A44DE731690E4A45BB4C1E98 /* Build configuration list for PBXAggregateTarget "ZERO_CHECK" */ = {
			isa = XCConfigurationList;
			buildConfigurations = (
				2D22CA5D64464461AF776676 /* Custom */,
			);
			defaultConfigurationIsVisible = 0;
			defaultConfigurationName = Custom;
		};
/* End XCConfigurationList section */
	};
	rootObject = 6B92002A133E4DCC9D77BC11 /* Project object */;
}
